// !$*UTF8*$!
{
	archiveVersion = 1;
	classes = {
	};
	objectVersion = 46;
	objects = {

/* Begin PBXBuildFile section */
		042B09E11C52DFC100E57B7C /* AppDelegate.swift in Sources */ = {isa = PBXBuildFile; fileRef = 042B09E01C52DFC100E57B7C /* AppDelegate.swift */; };
		042B09E61C52DFC100E57B7C /* Main.storyboard in Resources */ = {isa = PBXBuildFile; fileRef = 042B09E41C52DFC100E57B7C /* Main.storyboard */; };
		042B09E81C52DFC100E57B7C /* Assets.xcassets in Resources */ = {isa = PBXBuildFile; fileRef = 042B09E71C52DFC100E57B7C /* Assets.xcassets */; };
		042B09EB1C52DFC100E57B7C /* LaunchScreen.storyboard in Resources */ = {isa = PBXBuildFile; fileRef = 042B09E91C52DFC100E57B7C /* LaunchScreen.storyboard */; };
		042B09F61C52DFC100E57B7C /* PhotoTakerTests.swift in Sources */ = {isa = PBXBuildFile; fileRef = 042B09F51C52DFC100E57B7C /* PhotoTakerTests.swift */; };
		042B0A011C52DFC100E57B7C /* PhotoTakerUITests.swift in Sources */ = {isa = PBXBuildFile; fileRef = 042B0A001C52DFC100E57B7C /* PhotoTakerUITests.swift */; };
		0444C7E81C52E227008C5B48 /* MainVC.swift in Sources */ = {isa = PBXBuildFile; fileRef = 0444C7E71C52E227008C5B48 /* MainVC.swift */; };
/* End PBXBuildFile section */

/* Begin PBXContainerItemProxy section */
		042B09F21C52DFC100E57B7C /* PBXContainerItemProxy */ = {
			isa = PBXContainerItemProxy;
			containerPortal = 042B09D51C52DFC100E57B7C /* Project object */;
			proxyType = 1;
			remoteGlobalIDString = 042B09DC1C52DFC100E57B7C;
			remoteInfo = PhotoTaker;
		};
		042B09FD1C52DFC100E57B7C /* PBXContainerItemProxy */ = {
			isa = PBXContainerItemProxy;
			containerPortal = 042B09D51C52DFC100E57B7C /* Project object */;
			proxyType = 1;
			remoteGlobalIDString = 042B09DC1C52DFC100E57B7C;
			remoteInfo = PhotoTaker;
		};
/* End PBXContainerItemProxy section */

/* Begin PBXFileReference section */
		042B09DD1C52DFC100E57B7C /* PhotoTaker.app */ = {isa = PBXFileReference; explicitFileType = wrapper.application; includeInIndex = 0; path = PhotoTaker.app; sourceTree = BUILT_PRODUCTS_DIR; };
		042B09E01C52DFC100E57B7C /* AppDelegate.swift */ = {isa = PBXFileReference; lastKnownFileType = sourcecode.swift; path = AppDelegate.swift; sourceTree = "<group>"; };
		042B09E51C52DFC100E57B7C /* Base */ = {isa = PBXFileReference; lastKnownFileType = file.storyboard; name = Base; path = Base.lproj/Main.storyboard; sourceTree = "<group>"; };
		042B09E71C52DFC100E57B7C /* Assets.xcassets */ = {isa = PBXFileReference; lastKnownFileType = folder.assetcatalog; path = Assets.xcassets; sourceTree = "<group>"; };
		042B09EA1C52DFC100E57B7C /* Base */ = {isa = PBXFileReference; lastKnownFileType = file.storyboard; name = Base; path = Base.lproj/LaunchScreen.storyboard; sourceTree = "<group>"; };
		042B09EC1C52DFC100E57B7C /* Info.plist */ = {isa = PBXFileReference; lastKnownFileType = text.plist.xml; path = Info.plist; sourceTree = "<group>"; };
		042B09F11C52DFC100E57B7C /* PhotoTakerTests.xctest */ = {isa = PBXFileReference; explicitFileType = wrapper.cfbundle; includeInIndex = 0; path = PhotoTakerTests.xctest; sourceTree = BUILT_PRODUCTS_DIR; };
		042B09F51C52DFC100E57B7C /* PhotoTakerTests.swift */ = {isa = PBXFileReference; lastKnownFileType = sourcecode.swift; path = PhotoTakerTests.swift; sourceTree = "<group>"; };
		042B09F71C52DFC100E57B7C /* Info.plist */ = {isa = PBXFileReference; lastKnownFileType = text.plist.xml; path = Info.plist; sourceTree = "<group>"; };
		042B09FC1C52DFC100E57B7C /* PhotoTakerUITests.xctest */ = {isa = PBXFileReference; explicitFileType = wrapper.cfbundle; includeInIndex = 0; path = PhotoTakerUITests.xctest; sourceTree = BUILT_PRODUCTS_DIR; };
		042B0A001C52DFC100E57B7C /* PhotoTakerUITests.swift */ = {isa = PBXFileReference; lastKnownFileType = sourcecode.swift; path = PhotoTakerUITests.swift; sourceTree = "<group>"; };
		042B0A021C52DFC100E57B7C /* Info.plist */ = {isa = PBXFileReference; lastKnownFileType = text.plist.xml; path = Info.plist; sourceTree = "<group>"; };
		0444C7E71C52E227008C5B48 /* MainVC.swift */ = {isa = PBXFileReference; fileEncoding = 4; lastKnownFileType = sourcecode.swift; path = MainVC.swift; sourceTree = "<group>"; };
/* End PBXFileReference section */

/* Begin PBXFrameworksBuildPhase section */
		042B09DA1C52DFC100E57B7C /* Frameworks */ = {
			isa = PBXFrameworksBuildPhase;
			buildActionMask = 2147483647;
			files = (
			);
			runOnlyForDeploymentPostprocessing = 0;
		};
		042B09EE1C52DFC100E57B7C /* Frameworks */ = {
			isa = PBXFrameworksBuildPhase;
			buildActionMask = 2147483647;
			files = (
			);
			runOnlyForDeploymentPostprocessing = 0;
		};
		042B09F91C52DFC100E57B7C /* Frameworks */ = {
			isa = PBXFrameworksBuildPhase;
			buildActionMask = 2147483647;
			files = (
			);
			runOnlyForDeploymentPostprocessing = 0;
		};
/* End PBXFrameworksBuildPhase section */

/* Begin PBXGroup section */
		042B09D41C52DFC100E57B7C = {
			isa = PBXGroup;
			children = (
				042B09DF1C52DFC100E57B7C /* PhotoTaker */,
				042B09F41C52DFC100E57B7C /* PhotoTakerTests */,
				042B09FF1C52DFC100E57B7C /* PhotoTakerUITests */,
				042B09DE1C52DFC100E57B7C /* Products */,
			);
			sourceTree = "<group>";
		};
		042B09DE1C52DFC100E57B7C /* Products */ = {
			isa = PBXGroup;
			children = (
				042B09DD1C52DFC100E57B7C /* PhotoTaker.app */,
				042B09F11C52DFC100E57B7C /* PhotoTakerTests.xctest */,
				042B09FC1C52DFC100E57B7C /* PhotoTakerUITests.xctest */,
			);
			name = Products;
			sourceTree = "<group>";
		};
		042B09DF1C52DFC100E57B7C /* PhotoTaker */ = {
			isa = PBXGroup;
			children = (
				042B09E01C52DFC100E57B7C /* AppDelegate.swift */,
				042B09E41C52DFC100E57B7C /* Main.storyboard */,
				042B09E71C52DFC100E57B7C /* Assets.xcassets */,
				042B09E91C52DFC100E57B7C /* LaunchScreen.storyboard */,
				042B09EC1C52DFC100E57B7C /* Info.plist */,
				0444C7E71C52E227008C5B48 /* MainVC.swift */,
			);
			path = PhotoTaker;
			sourceTree = "<group>";
		};
		042B09F41C52DFC100E57B7C /* PhotoTakerTests */ = {
			isa = PBXGroup;
			children = (
				042B09F51C52DFC100E57B7C /* PhotoTakerTests.swift */,
				042B09F71C52DFC100E57B7C /* Info.plist */,
			);
			path = PhotoTakerTests;
			sourceTree = "<group>";
		};
		042B09FF1C52DFC100E57B7C /* PhotoTakerUITests */ = {
			isa = PBXGroup;
			children = (
				042B0A001C52DFC100E57B7C /* PhotoTakerUITests.swift */,
				042B0A021C52DFC100E57B7C /* Info.plist */,
			);
			path = PhotoTakerUITests;
			sourceTree = "<group>";
		};
/* End PBXGroup section */

/* Begin PBXNativeTarget section */
		042B09DC1C52DFC100E57B7C /* PhotoTaker */ = {
			isa = PBXNativeTarget;
			buildConfigurationList = 042B0A051C52DFC100E57B7C /* Build configuration list for PBXNativeTarget "PhotoTaker" */;
			buildPhases = (
				042B09D91C52DFC100E57B7C /* Sources */,
				042B09DA1C52DFC100E57B7C /* Frameworks */,
				042B09DB1C52DFC100E57B7C /* Resources */,
			);
			buildRules = (
			);
			dependencies = (
			);
			name = PhotoTaker;
			productName = PhotoTaker;
			productReference = 042B09DD1C52DFC100E57B7C /* PhotoTaker.app */;
			productType = "com.apple.product-type.application";
		};
		042B09F01C52DFC100E57B7C /* PhotoTakerTests */ = {
			isa = PBXNativeTarget;
			buildConfigurationList = 042B0A081C52DFC100E57B7C /* Build configuration list for PBXNativeTarget "PhotoTakerTests" */;
			buildPhases = (
				042B09ED1C52DFC100E57B7C /* Sources */,
				042B09EE1C52DFC100E57B7C /* Frameworks */,
				042B09EF1C52DFC100E57B7C /* Resources */,
			);
			buildRules = (
			);
			dependencies = (
				042B09F31C52DFC100E57B7C /* PBXTargetDependency */,
			);
			name = PhotoTakerTests;
			productName = PhotoTakerTests;
			productReference = 042B09F11C52DFC100E57B7C /* PhotoTakerTests.xctest */;
			productType = "com.apple.product-type.bundle.unit-test";
		};
		042B09FB1C52DFC100E57B7C /* PhotoTakerUITests */ = {
			isa = PBXNativeTarget;
			buildConfigurationList = 042B0A0B1C52DFC100E57B7C /* Build configuration list for PBXNativeTarget "PhotoTakerUITests" */;
			buildPhases = (
				042B09F81C52DFC100E57B7C /* Sources */,
				042B09F91C52DFC100E57B7C /* Frameworks */,
				042B09FA1C52DFC100E57B7C /* Resources */,
			);
			buildRules = (
			);
			dependencies = (
				042B09FE1C52DFC100E57B7C /* PBXTargetDependency */,
			);
			name = PhotoTakerUITests;
			productName = PhotoTakerUITests;
			productReference = 042B09FC1C52DFC100E57B7C /* PhotoTakerUITests.xctest */;
			productType = "com.apple.product-type.bundle.ui-testing";
		};
/* End PBXNativeTarget section */

/* Begin PBXProject section */
		042B09D51C52DFC100E57B7C /* Project object */ = {
			isa = PBXProject;
			attributes = {
				LastSwiftUpdateCheck = 0720;
				LastUpgradeCheck = 0720;
				ORGANIZATIONNAME = vmalikov;
				TargetAttributes = {
					042B09DC1C52DFC100E57B7C = {
						CreatedOnToolsVersion = 7.2;
					};
					042B09F01C52DFC100E57B7C = {
						CreatedOnToolsVersion = 7.2;
						TestTargetID = 042B09DC1C52DFC100E57B7C;
					};
					042B09FB1C52DFC100E57B7C = {
						CreatedOnToolsVersion = 7.2;
						TestTargetID = 042B09DC1C52DFC100E57B7C;
					};
				};
			};
			buildConfigurationList = 042B09D81C52DFC100E57B7C /* Build configuration list for PBXProject "PhotoTaker" */;
			compatibilityVersion = "Xcode 3.2";
			developmentRegion = English;
			hasScannedForEncodings = 0;
			knownRegions = (
				en,
				Base,
			);
			mainGroup = 042B09D41C52DFC100E57B7C;
			productRefGroup = 042B09DE1C52DFC100E57B7C /* Products */;
			projectDirPath = "";
			projectRoot = "";
			targets = (
				042B09DC1C52DFC100E57B7C /* PhotoTaker */,
				042B09F01C52DFC100E57B7C /* PhotoTakerTests */,
				042B09FB1C52DFC100E57B7C /* PhotoTakerUITests */,
			);
		};
/* End PBXProject section */

/* Begin PBXResourcesBuildPhase section */
		042B09DB1C52DFC100E57B7C /* Resources */ = {
			isa = PBXResourcesBuildPhase;
			buildActionMask = 2147483647;
			files = (
				042B09EB1C52DFC100E57B7C /* LaunchScreen.storyboard in Resources */,
				042B09E81C52DFC100E57B7C /* Assets.xcassets in Resources */,
				042B09E61C52DFC100E57B7C /* Main.storyboard in Resources */,
			);
			runOnlyForDeploymentPostprocessing = 0;
		};
		042B09EF1C52DFC100E57B7C /* Resources */ = {
			isa = PBXResourcesBuildPhase;
			buildActionMask = 2147483647;
			files = (
			);
			runOnlyForDeploymentPostprocessing = 0;
		};
		042B09FA1C52DFC100E57B7C /* Resources */ = {
			isa = PBXResourcesBuildPhase;
			buildActionMask = 2147483647;
			files = (
			);
			runOnlyForDeploymentPostprocessing = 0;
		};
/* End PBXResourcesBuildPhase section */

/* Begin PBXSourcesBuildPhase section */
		042B09D91C52DFC100E57B7C /* Sources */ = {
			isa = PBXSourcesBuildPhase;
			buildActionMask = 2147483647;
			files = (
				042B09E11C52DFC100E57B7C /* AppDelegate.swift in Sources */,
				0444C7E81C52E227008C5B48 /* MainVC.swift in Sources */,
			);
			runOnlyForDeploymentPostprocessing = 0;
		};
		042B09ED1C52DFC100E57B7C /* Sources */ = {
			isa = PBXSourcesBuildPhase;
			buildActionMask = 2147483647;
			files = (
				042B09F61C52DFC100E57B7C /* PhotoTakerTests.swift in Sources */,
			);
			runOnlyForDeploymentPostprocessing = 0;
		};
		042B09F81C52DFC100E57B7C /* Sources */ = {
			isa = PBXSourcesBuildPhase;
			buildActionMask = 2147483647;
			files = (
				042B0A011C52DFC100E57B7C /* PhotoTakerUITests.swift in Sources */,
			);
			runOnlyForDeploymentPostprocessing = 0;
		};
/* End PBXSourcesBuildPhase section */

/* Begin PBXTargetDependency section */
		042B09F31C52DFC100E57B7C /* PBXTargetDependency */ = {
			isa = PBXTargetDependency;
			target = 042B09DC1C52DFC100E57B7C /* PhotoTaker */;
			targetProxy = 042B09F21C52DFC100E57B7C /* PBXContainerItemProxy */;
		};
		042B09FE1C52DFC100E57B7C /* PBXTargetDependency */ = {
			isa = PBXTargetDependency;
			target = 042B09DC1C52DFC100E57B7C /* PhotoTaker */;
			targetProxy = 042B09FD1C52DFC100E57B7C /* PBXContainerItemProxy */;
		};
/* End PBXTargetDependency section */

/* Begin PBXVariantGroup section */
		042B09E41C52DFC100E57B7C /* Main.storyboard */ = {
			isa = PBXVariantGroup;
			children = (
				042B09E51C52DFC100E57B7C /* Base */,
			);
			name = Main.storyboard;
			sourceTree = "<group>";
		};
		042B09E91C52DFC100E57B7C /* LaunchScreen.storyboard */ = {
			isa = PBXVariantGroup;
			children = (
				042B09EA1C52DFC100E57B7C /* Base */,
			);
			name = LaunchScreen.storyboard;
			sourceTree = "<group>";
		};
/* End PBXVariantGroup section */

/* Begin XCBuildConfiguration section */
		042B0A031C52DFC100E57B7C /* Debug */ = {
			isa = XCBuildConfiguration;
			buildSettings = {
				ALWAYS_SEARCH_USER_PATHS = NO;
				CLANG_CXX_LANGUAGE_STANDARD = "gnu++0x";
				CLANG_CXX_LIBRARY = "libc++";
				CLANG_ENABLE_MODULES = YES;
				CLANG_ENABLE_OBJC_ARC = YES;
				CLANG_WARN_BOOL_CONVERSION = YES;
				CLANG_WARN_CONSTANT_CONVERSION = YES;
				CLANG_WARN_DIRECT_OBJC_ISA_USAGE = YES_ERROR;
				CLANG_WARN_EMPTY_BODY = YES;
				CLANG_WARN_ENUM_CONVERSION = YES;
				CLANG_WARN_INT_CONVERSION = YES;
				CLANG_WARN_OBJC_ROOT_CLASS = YES_ERROR;
				CLANG_WARN_UNREACHABLE_CODE = YES;
				CLANG_WARN__DUPLICATE_METHOD_MATCH = YES;
				"CODE_SIGN_IDENTITY[sdk=iphoneos*]" = "iPhone Developer";
				COPY_PHASE_STRIP = NO;
				DEBUG_INFORMATION_FORMAT = dwarf;
				ENABLE_STRICT_OBJC_MSGSEND = YES;
				ENABLE_TESTABILITY = YES;
				GCC_C_LANGUAGE_STANDARD = gnu99;
				GCC_DYNAMIC_NO_PIC = NO;
				GCC_NO_COMMON_BLOCKS = YES;
				GCC_OPTIMIZATION_LEVEL = 0;
				GCC_PREPROCESSOR_DEFINITIONS = (
					"DEBUG=1",
					"$(inherited)",
				);
				GCC_WARN_64_TO_32_BIT_CONVERSION = YES;
				GCC_WARN_ABOUT_RETURN_TYPE = YES_ERROR;
				GCC_WARN_UNDECLARED_SELECTOR = YES;
				GCC_WARN_UNINITIALIZED_AUTOS = YES_AGGRESSIVE;
				GCC_WARN_UNUSED_FUNCTION = YES;
				GCC_WARN_UNUSED_VARIABLE = YES;
				IPHONEOS_DEPLOYMENT_TARGET = 9.2;
				MTL_ENABLE_DEBUG_INFO = YES;
				ONLY_ACTIVE_ARCH = YES;
				SDKROOT = iphoneos;
				SWIFT_OPTIMIZATION_LEVEL = "-Onone";
				TARGETED_DEVICE_FAMILY = "1,2";
			};
			name = Debug;
		};
		042B0A041C52DFC100E57B7C /* Release */ = {
			isa = XCBuildConfiguration;
			buildSettings = {
				ALWAYS_SEARCH_USER_PATHS = NO;
				CLANG_CXX_LANGUAGE_STANDARD = "gnu++0x";
				CLANG_CXX_LIBRARY = "libc++";
				CLANG_ENABLE_MODULES = YES;
				CLANG_ENABLE_OBJC_ARC = YES;
				CLANG_WARN_BOOL_CONVERSION = YES;
				CLANG_WARN_CONSTANT_CONVERSION = YES;
				CLANG_WARN_DIRECT_OBJC_ISA_USAGE = YES_ERROR;
				CLANG_WARN_EMPTY_BODY = YES;
				CLANG_WARN_ENUM_CONVERSION = YES;
				CLANG_WARN_INT_CONVERSION = YES;
				CLANG_WARN_OBJC_ROOT_CLASS = YES_ERROR;
				CLANG_WARN_UNREACHABLE_CODE = YES;
				CLANG_WARN__DUPLICATE_METHOD_MATCH = YES;
				"CODE_SIGN_IDENTITY[sdk=iphoneos*]" = "iPhone Developer";
				COPY_PHASE_STRIP = NO;
				DEBUG_INFORMATION_FORMAT = "dwarf-with-dsym";
				ENABLE_NS_ASSERTIONS = NO;
				ENABLE_STRICT_OBJC_MSGSEND = YES;
				GCC_C_LANGUAGE_STANDARD = gnu99;
				GCC_NO_COMMON_BLOCKS = YES;
				GCC_WARN_64_TO_32_BIT_CONVERSION = YES;
				GCC_WARN_ABOUT_RETURN_TYPE = YES_ERROR;
				GCC_WARN_UNDECLARED_SELECTOR = YES;
				GCC_WARN_UNINITIALIZED_AUTOS = YES_AGGRESSIVE;
				GCC_WARN_UNUSED_FUNCTION = YES;
				GCC_WARN_UNUSED_VARIABLE = YES;
				IPHONEOS_DEPLOYMENT_TARGET = 9.2;
				MTL_ENABLE_DEBUG_INFO = NO;
				SDKROOT = iphoneos;
				TARGETED_DEVICE_FAMILY = "1,2";
				VALIDATE_PRODUCT = YES;
			};
			name = Release;
		};
		042B0A061C52DFC100E57B7C /* Debug */ = {
			isa = XCBuildConfiguration;
			buildSettings = {
				ASSETCATALOG_COMPILER_APPICON_NAME = AppIcon;
				INFOPLIST_FILE = PhotoTaker/Info.plist;
				LD_RUNPATH_SEARCH_PATHS = "$(inherited) @executable_path/Frameworks";
				PRODUCT_BUNDLE_IDENTIFIER = com.hupercube.phototaker.sample.PhotoTaker;
				PRODUCT_NAME = "$(TARGET_NAME)";
			};
			name = Debug;
		};
		042B0A071C52DFC100E57B7C /* Release */ = {
			isa = XCBuildConfiguration;
			buildSettings = {
				ASSETCATALOG_COMPILER_APPICON_NAME = AppIcon;
				INFOPLIST_FILE = PhotoTaker/Info.plist;
				LD_RUNPATH_SEARCH_PATHS = "$(inherited) @executable_path/Frameworks";
				PRODUCT_BUNDLE_IDENTIFIER = com.hupercube.phototaker.sample.PhotoTaker;
				PRODUCT_NAME = "$(TARGET_NAME)";
			};
			name = Release;
		};
		042B0A091C52DFC100E57B7C /* Debug */ = {
			isa = XCBuildConfiguration;
			buildSettings = {
				BUNDLE_LOADER = "$(TEST_HOST)";
				INFOPLIST_FILE = PhotoTakerTests/Info.plist;
				LD_RUNPATH_SEARCH_PATHS = "$(inherited) @executable_path/Frameworks @loader_path/Frameworks";
				PRODUCT_BUNDLE_IDENTIFIER = com.hupercube.phototaker.sample.PhotoTakerTests;
				PRODUCT_NAME = "$(TARGET_NAME)";
				TEST_HOST = "$(BUILT_PRODUCTS_DIR)/PhotoTaker.app/PhotoTaker";
			};
			name = Debug;
		};
		042B0A0A1C52DFC100E57B7C /* Release */ = {
			isa = XCBuildConfiguration;
			buildSettings = {
				BUNDLE_LOADER = "$(TEST_HOST)";
				INFOPLIST_FILE = PhotoTakerTests/Info.plist;
				LD_RUNPATH_SEARCH_PATHS = "$(inherited) @executable_path/Frameworks @loader_path/Frameworks";
				PRODUCT_BUNDLE_IDENTIFIER = com.hupercube.phototaker.sample.PhotoTakerTests;
				PRODUCT_NAME = "$(TARGET_NAME)";
				TEST_HOST = "$(BUILT_PRODUCTS_DIR)/PhotoTaker.app/PhotoTaker";
			};
			name = Release;
		};
		042B0A0C1C52DFC100E57B7C /* Debug */ = {
			isa = XCBuildConfiguration;
			buildSettings = {
				INFOPLIST_FILE = PhotoTakerUITests/Info.plist;
				LD_RUNPATH_SEARCH_PATHS = "$(inherited) @executable_path/Frameworks @loader_path/Frameworks";
				PRODUCT_BUNDLE_IDENTIFIER = com.hupercube.phototaker.sample.PhotoTakerUITests;
				PRODUCT_NAME = "$(TARGET_NAME)";
				TEST_TARGET_NAME = PhotoTaker;
				USES_XCTRUNNER = YES;
			};
			name = Debug;
		};
		042B0A0D1C52DFC100E57B7C /* Release */ = {
			isa = XCBuildConfiguration;
			buildSettings = {
				INFOPLIST_FILE = PhotoTakerUITests/Info.plist;
				LD_RUNPATH_SEARCH_PATHS = "$(inherited) @executable_path/Frameworks @loader_path/Frameworks";
				PRODUCT_BUNDLE_IDENTIFIER = com.hupercube.phototaker.sample.PhotoTakerUITests;
				PRODUCT_NAME = "$(TARGET_NAME)";
				TEST_TARGET_NAME = PhotoTaker;
				USES_XCTRUNNER = YES;
			};
			name = Release;
		};
/* End XCBuildConfiguration section */

/* Begin XCConfigurationList section */
		042B09D81C52DFC100E57B7C /* Build configuration list for PBXProject "PhotoTaker" */ = {
			isa = XCConfigurationList;
			buildConfigurations = (
				042B0A031C52DFC100E57B7C /* Debug */,
				042B0A041C52DFC100E57B7C /* Release */,
			);
			defaultConfigurationIsVisible = 0;
			defaultConfigurationName = Release;
		};
		042B0A051C52DFC100E57B7C /* Build configuration list for PBXNativeTarget "PhotoTaker" */ = {
			isa = XCConfigurationList;
			buildConfigurations = (
				042B0A061C52DFC100E57B7C /* Debug */,
				042B0A071C52DFC100E57B7C /* Release */,
			);
			defaultConfigurationIsVisible = 0;
			defaultConfigurationName = Release;
		};
		042B0A081C52DFC100E57B7C /* Build configuration list for PBXNativeTarget "PhotoTakerTests" */ = {
			isa = XCConfigurationList;
			buildConfigurations = (
				042B0A091C52DFC100E57B7C /* Debug */,
				042B0A0A1C52DFC100E57B7C /* Release */,
			);
			defaultConfigurationIsVisible = 0;
			defaultConfigurationName = Release;
		};
		042B0A0B1C52DFC100E57B7C /* Build configuration list for PBXNativeTarget "PhotoTakerUITests" */ = {
			isa = XCConfigurationList;
			buildConfigurations = (
				042B0A0C1C52DFC100E57B7C /* Debug */,
				042B0A0D1C52DFC100E57B7C /* Release */,
			);
			defaultConfigurationIsVisible = 0;
			defaultConfigurationName = Release;
		};
/* End XCConfigurationList section */
	};
	rootObject = 042B09D51C52DFC100E57B7C /* Project object */;
}
